
Microsoft Visual Studio Solution File, Format Version 12.00
# Visual Studio Version 17
VisualStudioVersion = 17.3.32804.467
MinimumVisualStudioVersion = 10.0.40219.1
Project("{FAE04EC0-301F-11D3-BF4B-00C04F79EFBC}") = "Internet Explorer Launcher", "Internet Explorer Launcher\Internet Explorer Launcher.csproj", "{93F034C2-6C45-4388-A08B-F07D6B26BB4F}"
EndProject
Global
	GlobalSection(SolutionConfigurationPlatforms) = preSolution
		Debug|Any CPU = Debug|Any CPU
		Release|Any CPU = Release|Any CPU
	EndGlobalSection
	GlobalSection(ProjectConfigurationPlatforms) = postSolution
		{93F034C2-6C45-4388-A08B-F07D6B26BB4F}.Debug|Any CPU.ActiveCfg = Debug|Any CPU
		{93F034C2-6C45-4388-A08B-F07D6B26BB4F}.Debug|Any CPU.Build.0 = Debug|Any CPU
		{93F034C2-6C45-4388-A08B-F07D6B26BB4F}.Release|Any CPU.ActiveCfg = Release|Any CPU
		{93F034C2-6C45-4388-A08B-F07D6B26BB4F}.Release|Any CPU.Build.0 = Release|Any CPU
	EndGlobalSection
	GlobalSection(SolutionProperties) = preSolution
		HideSolutionNode = FALSE
	EndGlobalSection
	GlobalSection(ExtensibilityGlobals) = postSolution
		SolutionGuid = {47415E89-D856-47D9-AA43-2D0E339454C8}
	EndGlobalSection
EndGlobal
